
Microsoft Visual Studio Solution File, Format Version 12.00
# Visual Studio 15
Project("{FAE04EC0-301F-11D3-BF4B-00C04F79EFBC}") = "Assembly-CSharp", "Assembly-CSharp.csproj", "{7BE8B63B-3936-3231-8A5B-2F6496A524BE}"
EndProject
Project("{FAE04EC0-301F-11D3-BF4B-00C04F79EFBC}") = "GoogleMobileAds.Editor", "GoogleMobileAds.Editor.csproj", "{54CFFB56-39BE-1DA8-B384-9DD0E079F9A2}"
EndProject
Global
	GlobalSection(SolutionConfigurationPlatforms) = preSolution
		Debug|Any CPU = Debug|Any CPU
		Release|Any CPU = Release|Any CPU
	EndGlobalSection
	GlobalSection(ProjectConfigurationPlatforms) = postSolution
		{7BE8B63B-3936-3231-8A5B-2F6496A524BE}.Debug|Any CPU.ActiveCfg = Debug|Any CPU
		{7BE8B63B-3936-3231-8A5B-2F6496A524BE}.Debug|Any CPU.Build.0 = Debug|Any CPU
		{7BE8B63B-3936-3231-8A5B-2F6496A524BE}.Release|Any CPU.ActiveCfg = Release|Any CPU
		{7BE8B63B-3936-3231-8A5B-2F6496A524BE}.Release|Any CPU.Build.0 = Release|Any CPU
		{54CFFB56-39BE-1DA8-B384-9DD0E079F9A2}.Debug|Any CPU.ActiveCfg = Debug|Any CPU
		{54CFFB56-39BE-1DA8-B384-9DD0E079F9A2}.Debug|Any CPU.Build.0 = Debug|Any CPU
		{54CFFB56-39BE-1DA8-B384-9DD0E079F9A2}.Release|Any CPU.ActiveCfg = Release|Any CPU
		{54CFFB56-39BE-1DA8-B384-9DD0E079F9A2}.Release|Any CPU.Build.0 = Release|Any CPU
	EndGlobalSection
	GlobalSection(SolutionProperties) = preSolution
		HideSolutionNode = FALSE
	EndGlobalSection
EndGlobal
